// !$*UTF8*$!
{
	archiveVersion = 1;
	classes = {
	};
	objectVersion = 50;
	objects = {

/* Begin PBXBuildFile section */
		C534CD9822B8673400DD3890 /* AppDelegate.swift in Sources */ = {isa = PBXBuildFile; fileRef = C534CD9722B8673400DD3890 /* AppDelegate.swift */; };
		C534CD9A22B8673400DD3890 /* ViewController.swift in Sources */ = {isa = PBXBuildFile; fileRef = C534CD9922B8673400DD3890 /* ViewController.swift */; };
		C534CD9D22B8673400DD3890 /* Main.storyboard in Resources */ = {isa = PBXBuildFile; fileRef = C534CD9B22B8673400DD3890 /* Main.storyboard */; };
		C534CD9F22B8673500DD3890 /* Assets.xcassets in Resources */ = {isa = PBXBuildFile; fileRef = C534CD9E22B8673500DD3890 /* Assets.xcassets */; };
		C534CDA222B8673500DD3890 /* LaunchScreen.storyboard in Resources */ = {isa = PBXBuildFile; fileRef = C534CDA022B8673500DD3890 /* LaunchScreen.storyboard */; };
		C534CDAB22B8709700DD3890 /* ColorPicker.swift in Sources */ = {isa = PBXBuildFile; fileRef = C534CDAA22B8709700DD3890 /* ColorPicker.swift */; };
		C534CDAF22B89A1100DD3890 /* TextHelper.swift in Sources */ = {isa = PBXBuildFile; fileRef = C534CDAE22B89A1100DD3890 /* TextHelper.swift */; };
		C534CDB222B89B8600DD3890 /* MapHelper.swift in Sources */ = {isa = PBXBuildFile; fileRef = C534CDB122B89B8600DD3890 /* MapHelper.swift */; };
		C534CDB522B8A2A100DD3890 /* ViewController+SearchTable.swift in Sources */ = {isa = PBXBuildFile; fileRef = C534CDB422B8A2A100DD3890 /* ViewController+SearchTable.swift */; };
		C534CDB822B8A32600DD3890 /* ViewController+Map.swift in Sources */ = {isa = PBXBuildFile; fileRef = C534CDB722B8A32600DD3890 /* ViewController+Map.swift */; };
		C534CDBA22B8A36500DD3890 /* ViewController+ColorPicker.swift in Sources */ = {isa = PBXBuildFile; fileRef = C534CDB922B8A36500DD3890 /* ViewController+ColorPicker.swift */; };
		C534CDBC22B8A3A500DD3890 /* ViewController+SearchBar.swift in Sources */ = {isa = PBXBuildFile; fileRef = C534CDBB22B8A3A500DD3890 /* ViewController+SearchBar.swift */; };
		C534CDBF22B9C2E000DD3890 /* ScreenshotHelper.swift in Sources */ = {isa = PBXBuildFile; fileRef = C534CDBE22B9C2E000DD3890 /* ScreenshotHelper.swift */; };
		C534CDC222BB626C00DD3890 /* Canvas.swift in Sources */ = {isa = PBXBuildFile; fileRef = C534CDC122BB626C00DD3890 /* Canvas.swift */; };
		C534CDC422BB62BB00DD3890 /* ViewController+Drawing.swift in Sources */ = {isa = PBXBuildFile; fileRef = C534CDC322BB62BB00DD3890 /* ViewController+Drawing.swift */; };
		C534CDC622BB638200DD3890 /* ViewController+Screenshot.swift in Sources */ = {isa = PBXBuildFile; fileRef = C534CDC522BB638200DD3890 /* ViewController+Screenshot.swift */; };
		C534CDC922BC7EFC00DD3890 /* ColorHelper.swift in Sources */ = {isa = PBXBuildFile; fileRef = C534CDC822BC7EFC00DD3890 /* ColorHelper.swift */; };
		C534CDCC22BC830C00DD3890 /* CanvasModels.swift in Sources */ = {isa = PBXBuildFile; fileRef = C534CDCB22BC830C00DD3890 /* CanvasModels.swift */; };
		C534CDCE22BC873600DD3890 /* CanvasProtocols.swift in Sources */ = {isa = PBXBuildFile; fileRef = C534CDCD22BC873600DD3890 /* CanvasProtocols.swift */; };
		C534CDD122BD7DD800DD3890 /* Canvas+Gesture.swift in Sources */ = {isa = PBXBuildFile; fileRef = C534CDD022BD7DD800DD3890 /* Canvas+Gesture.swift */; };
		C534CDD322BD7E6600DD3890 /* Canvas+Drawing.swift in Sources */ = {isa = PBXBuildFile; fileRef = C534CDD222BD7E6600DD3890 /* Canvas+Drawing.swift */; };
		C534CDD522BF1FFC00DD3890 /* ViewController+Selection.swift in Sources */ = {isa = PBXBuildFile; fileRef = C534CDD422BF1FFC00DD3890 /* ViewController+Selection.swift */; };
		C534CDD722BF207900DD3890 /* ViewControllerState.swift in Sources */ = {isa = PBXBuildFile; fileRef = C534CDD622BF207900DD3890 /* ViewControllerState.swift */; };
		C534CDDC22BF20C400DD3890 /* CanvasState.swift in Sources */ = {isa = PBXBuildFile; fileRef = C534CDDB22BF20C400DD3890 /* CanvasState.swift */; };
		C534CDDE22BF211100DD3890 /* ColorPickerProtocols.swift in Sources */ = {isa = PBXBuildFile; fileRef = C534CDDD22BF211100DD3890 /* ColorPickerProtocols.swift */; };
		C534CDE222BF258300DD3890 /* CGHelper.swift in Sources */ = {isa = PBXBuildFile; fileRef = C534CDE122BF258300DD3890 /* CGHelper.swift */; };
		C534CDE422BF267600DD3890 /* CanvasConstants.swift in Sources */ = {isa = PBXBuildFile; fileRef = C534CDE322BF267600DD3890 /* CanvasConstants.swift */; };
		C534CDE622BF278300DD3890 /* ViewController+LifeCycle.swift in Sources */ = {isa = PBXBuildFile; fileRef = C534CDE522BF278300DD3890 /* ViewController+LifeCycle.swift */; };
		C534CDEA22BF305700DD3890 /* ResizableView.swift in Sources */ = {isa = PBXBuildFile; fileRef = C534CDE922BF305700DD3890 /* ResizableView.swift */; };
/* End PBXBuildFile section */

/* Begin PBXFileReference section */
		C534CD9422B8673400DD3890 /* MapDraw.app */ = {isa = PBXFileReference; explicitFileType = wrapper.application; includeInIndex = 0; path = MapDraw.app; sourceTree = BUILT_PRODUCTS_DIR; };
		C534CD9722B8673400DD3890 /* AppDelegate.swift */ = {isa = PBXFileReference; lastKnownFileType = sourcecode.swift; path = AppDelegate.swift; sourceTree = "<group>"; };
		C534CD9922B8673400DD3890 /* ViewController.swift */ = {isa = PBXFileReference; lastKnownFileType = sourcecode.swift; path = ViewController.swift; sourceTree = "<group>"; };
		C534CD9C22B8673400DD3890 /* Base */ = {isa = PBXFileReference; lastKnownFileType = file.storyboard; name = Base; path = Base.lproj/Main.storyboard; sourceTree = "<group>"; };
		C534CD9E22B8673500DD3890 /* Assets.xcassets */ = {isa = PBXFileReference; lastKnownFileType = folder.assetcatalog; path = Assets.xcassets; sourceTree = "<group>"; };
		C534CDA122B8673500DD3890 /* Base */ = {isa = PBXFileReference; lastKnownFileType = file.storyboard; name = Base; path = Base.lproj/LaunchScreen.storyboard; sourceTree = "<group>"; };
		C534CDA322B8673500DD3890 /* Info.plist */ = {isa = PBXFileReference; lastKnownFileType = text.plist.xml; path = Info.plist; sourceTree = "<group>"; };
		C534CDAA22B8709700DD3890 /* ColorPicker.swift */ = {isa = PBXFileReference; lastKnownFileType = sourcecode.swift; path = ColorPicker.swift; sourceTree = "<group>"; };
		C534CDAE22B89A1100DD3890 /* TextHelper.swift */ = {isa = PBXFileReference; lastKnownFileType = sourcecode.swift; path = TextHelper.swift; sourceTree = "<group>"; };
		C534CDB122B89B8600DD3890 /* MapHelper.swift */ = {isa = PBXFileReference; lastKnownFileType = sourcecode.swift; path = MapHelper.swift; sourceTree = "<group>"; };
		C534CDB422B8A2A100DD3890 /* ViewController+SearchTable.swift */ = {isa = PBXFileReference; lastKnownFileType = sourcecode.swift; path = "ViewController+SearchTable.swift"; sourceTree = "<group>"; };
		C534CDB722B8A32600DD3890 /* ViewController+Map.swift */ = {isa = PBXFileReference; lastKnownFileType = sourcecode.swift; path = "ViewController+Map.swift"; sourceTree = "<group>"; };
		C534CDB922B8A36500DD3890 /* ViewController+ColorPicker.swift */ = {isa = PBXFileReference; lastKnownFileType = sourcecode.swift; path = "ViewController+ColorPicker.swift"; sourceTree = "<group>"; };
		C534CDBB22B8A3A500DD3890 /* ViewController+SearchBar.swift */ = {isa = PBXFileReference; lastKnownFileType = sourcecode.swift; path = "ViewController+SearchBar.swift"; sourceTree = "<group>"; };
		C534CDBE22B9C2E000DD3890 /* ScreenshotHelper.swift */ = {isa = PBXFileReference; lastKnownFileType = sourcecode.swift; path = ScreenshotHelper.swift; sourceTree = "<group>"; };
		C534CDC122BB626C00DD3890 /* Canvas.swift */ = {isa = PBXFileReference; lastKnownFileType = sourcecode.swift; path = Canvas.swift; sourceTree = "<group>"; };
		C534CDC322BB62BB00DD3890 /* ViewController+Drawing.swift */ = {isa = PBXFileReference; lastKnownFileType = sourcecode.swift; path = "ViewController+Drawing.swift"; sourceTree = "<group>"; };
		C534CDC522BB638200DD3890 /* ViewController+Screenshot.swift */ = {isa = PBXFileReference; lastKnownFileType = sourcecode.swift; path = "ViewController+Screenshot.swift"; sourceTree = "<group>"; };
		C534CDC822BC7EFC00DD3890 /* ColorHelper.swift */ = {isa = PBXFileReference; lastKnownFileType = sourcecode.swift; path = ColorHelper.swift; sourceTree = "<group>"; };
		C534CDCB22BC830C00DD3890 /* CanvasModels.swift */ = {isa = PBXFileReference; lastKnownFileType = sourcecode.swift; path = CanvasModels.swift; sourceTree = "<group>"; };
		C534CDCD22BC873600DD3890 /* CanvasProtocols.swift */ = {isa = PBXFileReference; lastKnownFileType = sourcecode.swift; path = CanvasProtocols.swift; sourceTree = "<group>"; };
		C534CDD022BD7DD800DD3890 /* Canvas+Gesture.swift */ = {isa = PBXFileReference; lastKnownFileType = sourcecode.swift; path = "Canvas+Gesture.swift"; sourceTree = "<group>"; };
		C534CDD222BD7E6600DD3890 /* Canvas+Drawing.swift */ = {isa = PBXFileReference; lastKnownFileType = sourcecode.swift; path = "Canvas+Drawing.swift"; sourceTree = "<group>"; };
		C534CDD422BF1FFC00DD3890 /* ViewController+Selection.swift */ = {isa = PBXFileReference; lastKnownFileType = sourcecode.swift; path = "ViewController+Selection.swift"; sourceTree = "<group>"; };
		C534CDD622BF207900DD3890 /* ViewControllerState.swift */ = {isa = PBXFileReference; lastKnownFileType = sourcecode.swift; path = ViewControllerState.swift; sourceTree = "<group>"; };
		C534CDDB22BF20C400DD3890 /* CanvasState.swift */ = {isa = PBXFileReference; lastKnownFileType = sourcecode.swift; path = CanvasState.swift; sourceTree = "<group>"; };
		C534CDDD22BF211100DD3890 /* ColorPickerProtocols.swift */ = {isa = PBXFileReference; lastKnownFileType = sourcecode.swift; path = ColorPickerProtocols.swift; sourceTree = "<group>"; };
		C534CDE122BF258300DD3890 /* CGHelper.swift */ = {isa = PBXFileReference; lastKnownFileType = sourcecode.swift; path = CGHelper.swift; sourceTree = "<group>"; };
		C534CDE322BF267600DD3890 /* CanvasConstants.swift */ = {isa = PBXFileReference; lastKnownFileType = sourcecode.swift; path = CanvasConstants.swift; sourceTree = "<group>"; };
		C534CDE522BF278300DD3890 /* ViewController+LifeCycle.swift */ = {isa = PBXFileReference; lastKnownFileType = sourcecode.swift; path = "ViewController+LifeCycle.swift"; sourceTree = "<group>"; };
		C534CDE922BF305700DD3890 /* ResizableView.swift */ = {isa = PBXFileReference; lastKnownFileType = sourcecode.swift; path = ResizableView.swift; sourceTree = "<group>"; };
/* End PBXFileReference section */

/* Begin PBXFrameworksBuildPhase section */
		C534CD9122B8673400DD3890 /* Frameworks */ = {
			isa = PBXFrameworksBuildPhase;
			buildActionMask = 2147483647;
			files = (
			);
			runOnlyForDeploymentPostprocessing = 0;
		};
/* End PBXFrameworksBuildPhase section */

/* Begin PBXGroup section */
		C534CD8B22B8673400DD3890 = {
			isa = PBXGroup;
			children = (
				C534CD9622B8673400DD3890 /* MapDraw */,
				C534CD9522B8673400DD3890 /* Products */,
			);
			sourceTree = "<group>";
		};
		C534CD9522B8673400DD3890 /* Products */ = {
			isa = PBXGroup;
			children = (
				C534CD9422B8673400DD3890 /* MapDraw.app */,
			);
			name = Products;
			sourceTree = "<group>";
		};
		C534CD9622B8673400DD3890 /* MapDraw */ = {
			isa = PBXGroup;
			children = (
				C534CDB322B8A27D00DD3890 /* ViewController */,
				C534CDC022BB625D00DD3890 /* Canvas */,
				C534CDE822BF303E00DD3890 /* Selection */,
				C534CDD822BF208D00DD3890 /* ColorPicker */,
				C534CDAC22B899E700DD3890 /* Utils */,
				C534CD9722B8673400DD3890 /* AppDelegate.swift */,
				C534CD9E22B8673500DD3890 /* Assets.xcassets */,
				C534CDA022B8673500DD3890 /* LaunchScreen.storyboard */,
				C534CDA322B8673500DD3890 /* Info.plist */,
			);
			path = MapDraw;
			sourceTree = "<group>";
		};
		C534CDAC22B899E700DD3890 /* Utils */ = {
			isa = PBXGroup;
			children = (
				C534CDC822BC7EFC00DD3890 /* ColorHelper.swift */,
				C534CDBE22B9C2E000DD3890 /* ScreenshotHelper.swift */,
				C534CDB122B89B8600DD3890 /* MapHelper.swift */,
				C534CDAE22B89A1100DD3890 /* TextHelper.swift */,
				C534CDE122BF258300DD3890 /* CGHelper.swift */,
			);
			path = Utils;
			sourceTree = "<group>";
		};
		C534CDB322B8A27D00DD3890 /* ViewController */ = {
			isa = PBXGroup;
			children = (
				C534CDD622BF207900DD3890 /* ViewControllerState.swift */,
				C534CD9B22B8673400DD3890 /* Main.storyboard */,
				C534CD9922B8673400DD3890 /* ViewController.swift */,
				C534CDE522BF278300DD3890 /* ViewController+LifeCycle.swift */,
				C534CDB722B8A32600DD3890 /* ViewController+Map.swift */,
				C534CDB422B8A2A100DD3890 /* ViewController+SearchTable.swift */,
				C534CDB922B8A36500DD3890 /* ViewController+ColorPicker.swift */,
				C534CDBB22B8A3A500DD3890 /* ViewController+SearchBar.swift */,
				C534CDC322BB62BB00DD3890 /* ViewController+Drawing.swift */,
				C534CDC522BB638200DD3890 /* ViewController+Screenshot.swift */,
				C534CDD422BF1FFC00DD3890 /* ViewController+Selection.swift */,
			);
			path = ViewController;
			sourceTree = "<group>";
		};
		C534CDC022BB625D00DD3890 /* Canvas */ = {
			isa = PBXGroup;
			children = (
				C534CDDB22BF20C400DD3890 /* CanvasState.swift */,
				C534CDCB22BC830C00DD3890 /* CanvasModels.swift */,
				C534CDE322BF267600DD3890 /* CanvasConstants.swift */,
				C534CDCD22BC873600DD3890 /* CanvasProtocols.swift */,
				C534CDC122BB626C00DD3890 /* Canvas.swift */,
				C534CDD022BD7DD800DD3890 /* Canvas+Gesture.swift */,
				C534CDD222BD7E6600DD3890 /* Canvas+Drawing.swift */,
			);
			path = Canvas;
			sourceTree = "<group>";
		};
		C534CDD822BF208D00DD3890 /* ColorPicker */ = {
			isa = PBXGroup;
			children = (
				C534CDDD22BF211100DD3890 /* ColorPickerProtocols.swift */,
				C534CDAA22B8709700DD3890 /* ColorPicker.swift */,
			);
			path = ColorPicker;
			sourceTree = "<group>";
		};
		C534CDE822BF303E00DD3890 /* Selection */ = {
			isa = PBXGroup;
			children = (
				C534CDE922BF305700DD3890 /* ResizableView.swift */,
			);
			path = Selection;
			sourceTree = "<group>";
		};
/* End PBXGroup section */

/* Begin PBXNativeTarget section */
		C534CD9322B8673400DD3890 /* MapDraw */ = {
			isa = PBXNativeTarget;
			buildConfigurationList = C534CDA622B8673500DD3890 /* Build configuration list for PBXNativeTarget "MapDraw" */;
			buildPhases = (
				C534CD9022B8673400DD3890 /* Sources */,
				C534CD9122B8673400DD3890 /* Frameworks */,
				C534CD9222B8673400DD3890 /* Resources */,
			);
			buildRules = (
			);
			dependencies = (
			);
			name = MapDraw;
			productName = MapDraw;
			productReference = C534CD9422B8673400DD3890 /* MapDraw.app */;
			productType = "com.apple.product-type.application";
		};
/* End PBXNativeTarget section */

/* Begin PBXProject section */
		C534CD8C22B8673400DD3890 /* Project object */ = {
			isa = PBXProject;
			attributes = {
				LastSwiftUpdateCheck = 1010;
				LastUpgradeCheck = 1010;
				ORGANIZATIONNAME = "Bobby Westman";
				TargetAttributes = {
					C534CD9322B8673400DD3890 = {
						CreatedOnToolsVersion = 10.1;
					};
				};
			};
			buildConfigurationList = C534CD8F22B8673400DD3890 /* Build configuration list for PBXProject "MapDraw" */;
			compatibilityVersion = "Xcode 9.3";
			developmentRegion = en;
			hasScannedForEncodings = 0;
			knownRegions = (
				en,
				Base,
			);
			mainGroup = C534CD8B22B8673400DD3890;
			productRefGroup = C534CD9522B8673400DD3890 /* Products */;
			projectDirPath = "";
			projectRoot = "";
			targets = (
				C534CD9322B8673400DD3890 /* MapDraw */,
			);
		};
/* End PBXProject section */

/* Begin PBXResourcesBuildPhase section */
		C534CD9222B8673400DD3890 /* Resources */ = {
			isa = PBXResourcesBuildPhase;
			buildActionMask = 2147483647;
			files = (
				C534CDA222B8673500DD3890 /* LaunchScreen.storyboard in Resources */,
				C534CD9F22B8673500DD3890 /* Assets.xcassets in Resources */,
				C534CD9D22B8673400DD3890 /* Main.storyboard in Resources */,
			);
			runOnlyForDeploymentPostprocessing = 0;
		};
/* End PBXResourcesBuildPhase section */

/* Begin PBXSourcesBuildPhase section */
		C534CD9022B8673400DD3890 /* Sources */ = {
			isa = PBXSourcesBuildPhase;
			buildActionMask = 2147483647;
			files = (
				C534CDD722BF207900DD3890 /* ViewControllerState.swift in Sources */,
				C534CDE622BF278300DD3890 /* ViewController+LifeCycle.swift in Sources */,
				C534CDB222B89B8600DD3890 /* MapHelper.swift in Sources */,
				C534CDCE22BC873600DD3890 /* CanvasProtocols.swift in Sources */,
				C534CDCC22BC830C00DD3890 /* CanvasModels.swift in Sources */,
				C534CDC222BB626C00DD3890 /* Canvas.swift in Sources */,
				C534CDE222BF258300DD3890 /* CGHelper.swift in Sources */,
				C534CDD322BD7E6600DD3890 /* Canvas+Drawing.swift in Sources */,
				C534CDAF22B89A1100DD3890 /* TextHelper.swift in Sources */,
				C534CDBC22B8A3A500DD3890 /* ViewController+SearchBar.swift in Sources */,
				C534CDB522B8A2A100DD3890 /* ViewController+SearchTable.swift in Sources */,
				C534CDC922BC7EFC00DD3890 /* ColorHelper.swift in Sources */,
				C534CDC622BB638200DD3890 /* ViewController+Screenshot.swift in Sources */,
				C534CDD522BF1FFC00DD3890 /* ViewController+Selection.swift in Sources */,
				C534CDC422BB62BB00DD3890 /* ViewController+Drawing.swift in Sources */,
				C534CDEA22BF305700DD3890 /* ResizableView.swift in Sources */,
				C534CD9A22B8673400DD3890 /* ViewController.swift in Sources */,
				C534CDD122BD7DD800DD3890 /* Canvas+Gesture.swift in Sources */,
				C534CDBA22B8A36500DD3890 /* ViewController+ColorPicker.swift in Sources */,
				C534CDE422BF267600DD3890 /* CanvasConstants.swift in Sources */,
				C534CD9822B8673400DD3890 /* AppDelegate.swift in Sources */,
				C534CDBF22B9C2E000DD3890 /* ScreenshotHelper.swift in Sources */,
				C534CDB822B8A32600DD3890 /* ViewController+Map.swift in Sources */,
				C534CDDE22BF211100DD3890 /* ColorPickerProtocols.swift in Sources */,
				C534CDDC22BF20C400DD3890 /* CanvasState.swift in Sources */,
				C534CDAB22B8709700DD3890 /* ColorPicker.swift in Sources */,
			);
			runOnlyForDeploymentPostprocessing = 0;
		};
/* End PBXSourcesBuildPhase section */

/* Begin PBXVariantGroup section */
		C534CD9B22B8673400DD3890 /* Main.storyboard */ = {
			isa = PBXVariantGroup;
			children = (
				C534CD9C22B8673400DD3890 /* Base */,
			);
			name = Main.storyboard;
			sourceTree = "<group>";
		};
		C534CDA022B8673500DD3890 /* LaunchScreen.storyboard */ = {
			isa = PBXVariantGroup;
			children = (
				C534CDA122B8673500DD3890 /* Base */,
			);
			name = LaunchScreen.storyboard;
			sourceTree = "<group>";
		};
/* End PBXVariantGroup section */

/* Begin XCBuildConfiguration section */
		C534CDA422B8673500DD3890 /* Debug */ = {
			isa = XCBuildConfiguration;
			buildSettings = {
				ALWAYS_SEARCH_USER_PATHS = NO;
				CLANG_ANALYZER_NONNULL = YES;
				CLANG_ANALYZER_NUMBER_OBJECT_CONVERSION = YES_AGGRESSIVE;
				CLANG_CXX_LANGUAGE_STANDARD = "gnu++14";
				CLANG_CXX_LIBRARY = "libc++";
				CLANG_ENABLE_MODULES = YES;
				CLANG_ENABLE_OBJC_ARC = YES;
				CLANG_ENABLE_OBJC_WEAK = YES;
				CLANG_WARN_BLOCK_CAPTURE_AUTORELEASING = YES;
				CLANG_WARN_BOOL_CONVERSION = YES;
				CLANG_WARN_COMMA = YES;
				CLANG_WARN_CONSTANT_CONVERSION = YES;
				CLANG_WARN_DEPRECATED_OBJC_IMPLEMENTATIONS = YES;
				CLANG_WARN_DIRECT_OBJC_ISA_USAGE = YES_ERROR;
				CLANG_WARN_DOCUMENTATION_COMMENTS = YES;
				CLANG_WARN_EMPTY_BODY = YES;
				CLANG_WARN_ENUM_CONVERSION = YES;
				CLANG_WARN_INFINITE_RECURSION = YES;
				CLANG_WARN_INT_CONVERSION = YES;
				CLANG_WARN_NON_LITERAL_NULL_CONVERSION = YES;
				CLANG_WARN_OBJC_IMPLICIT_RETAIN_SELF = YES;
				CLANG_WARN_OBJC_LITERAL_CONVERSION = YES;
				CLANG_WARN_OBJC_ROOT_CLASS = YES_ERROR;
				CLANG_WARN_RANGE_LOOP_ANALYSIS = YES;
				CLANG_WARN_STRICT_PROTOTYPES = YES;
				CLANG_WARN_SUSPICIOUS_MOVE = YES;
				CLANG_WARN_UNGUARDED_AVAILABILITY = YES_AGGRESSIVE;
				CLANG_WARN_UNREACHABLE_CODE = YES;
				CLANG_WARN__DUPLICATE_METHOD_MATCH = YES;
				CODE_SIGN_IDENTITY = "iPhone Developer";
				COPY_PHASE_STRIP = NO;
				DEBUG_INFORMATION_FORMAT = dwarf;
				ENABLE_STRICT_OBJC_MSGSEND = YES;
				ENABLE_TESTABILITY = YES;
				GCC_C_LANGUAGE_STANDARD = gnu11;
				GCC_DYNAMIC_NO_PIC = NO;
				GCC_NO_COMMON_BLOCKS = YES;
				GCC_OPTIMIZATION_LEVEL = 0;
				GCC_PREPROCESSOR_DEFINITIONS = (
					"DEBUG=1",
					"$(inherited)",
				);
				GCC_WARN_64_TO_32_BIT_CONVERSION = YES;
				GCC_WARN_ABOUT_RETURN_TYPE = YES_ERROR;
				GCC_WARN_UNDECLARED_SELECTOR = YES;
				GCC_WARN_UNINITIALIZED_AUTOS = YES_AGGRESSIVE;
				GCC_WARN_UNUSED_FUNCTION = YES;
				GCC_WARN_UNUSED_VARIABLE = YES;
				IPHONEOS_DEPLOYMENT_TARGET = 12.1;
				MTL_ENABLE_DEBUG_INFO = INCLUDE_SOURCE;
				MTL_FAST_MATH = YES;
				ONLY_ACTIVE_ARCH = YES;
				SDKROOT = iphoneos;
				SWIFT_ACTIVE_COMPILATION_CONDITIONS = DEBUG;
				SWIFT_OPTIMIZATION_LEVEL = "-Onone";
			};
			name = Debug;
		};
		C534CDA522B8673500DD3890 /* Release */ = {
			isa = XCBuildConfiguration;
			buildSettings = {
				ALWAYS_SEARCH_USER_PATHS = NO;
				CLANG_ANALYZER_NONNULL = YES;
				CLANG_ANALYZER_NUMBER_OBJECT_CONVERSION = YES_AGGRESSIVE;
				CLANG_CXX_LANGUAGE_STANDARD = "gnu++14";
				CLANG_CXX_LIBRARY = "libc++";
				CLANG_ENABLE_MODULES = YES;
				CLANG_ENABLE_OBJC_ARC = YES;
				CLANG_ENABLE_OBJC_WEAK = YES;
				CLANG_WARN_BLOCK_CAPTURE_AUTORELEASING = YES;
				CLANG_WARN_BOOL_CONVERSION = YES;
				CLANG_WARN_COMMA = YES;
				CLANG_WARN_CONSTANT_CONVERSION = YES;
				CLANG_WARN_DEPRECATED_OBJC_IMPLEMENTATIONS = YES;
				CLANG_WARN_DIRECT_OBJC_ISA_USAGE = YES_ERROR;
				CLANG_WARN_DOCUMENTATION_COMMENTS = YES;
				CLANG_WARN_EMPTY_BODY = YES;
				CLANG_WARN_ENUM_CONVERSION = YES;
				CLANG_WARN_INFINITE_RECURSION = YES;
				CLANG_WARN_INT_CONVERSION = YES;
				CLANG_WARN_NON_LITERAL_NULL_CONVERSION = YES;
				CLANG_WARN_OBJC_IMPLICIT_RETAIN_SELF = YES;
				CLANG_WARN_OBJC_LITERAL_CONVERSION = YES;
				CLANG_WARN_OBJC_ROOT_CLASS = YES_ERROR;
				CLANG_WARN_RANGE_LOOP_ANALYSIS = YES;
				CLANG_WARN_STRICT_PROTOTYPES = YES;
				CLANG_WARN_SUSPICIOUS_MOVE = YES;
				CLANG_WARN_UNGUARDED_AVAILABILITY = YES_AGGRESSIVE;
				CLANG_WARN_UNREACHABLE_CODE = YES;
				CLANG_WARN__DUPLICATE_METHOD_MATCH = YES;
				CODE_SIGN_IDENTITY = "iPhone Developer";
				COPY_PHASE_STRIP = NO;
				DEBUG_INFORMATION_FORMAT = "dwarf-with-dsym";
				ENABLE_NS_ASSERTIONS = NO;
				ENABLE_STRICT_OBJC_MSGSEND = YES;
				GCC_C_LANGUAGE_STANDARD = gnu11;
				GCC_NO_COMMON_BLOCKS = YES;
				GCC_WARN_64_TO_32_BIT_CONVERSION = YES;
				GCC_WARN_ABOUT_RETURN_TYPE = YES_ERROR;
				GCC_WARN_UNDECLARED_SELECTOR = YES;
				GCC_WARN_UNINITIALIZED_AUTOS = YES_AGGRESSIVE;
				GCC_WARN_UNUSED_FUNCTION = YES;
				GCC_WARN_UNUSED_VARIABLE = YES;
				IPHONEOS_DEPLOYMENT_TARGET = 12.1;
				MTL_ENABLE_DEBUG_INFO = NO;
				MTL_FAST_MATH = YES;
				SDKROOT = iphoneos;
				SWIFT_COMPILATION_MODE = wholemodule;
				SWIFT_OPTIMIZATION_LEVEL = "-O";
				VALIDATE_PRODUCT = YES;
			};
			name = Release;
		};
		C534CDA722B8673500DD3890 /* Debug */ = {
			isa = XCBuildConfiguration;
			buildSettings = {
				ASSETCATALOG_COMPILER_APPICON_NAME = AppIcon;
				CODE_SIGN_STYLE = Automatic;
				INFOPLIST_FILE = MapDraw/Info.plist;
				LD_RUNPATH_SEARCH_PATHS = (
					"$(inherited)",
					"@executable_path/Frameworks",
				);
				PRODUCT_BUNDLE_IDENTIFIER = com.bobbywestman.MapDraw;
				PRODUCT_NAME = "$(TARGET_NAME)";
				SWIFT_VERSION = 4.2;
				TARGETED_DEVICE_FAMILY = "1,2";
			};
			name = Debug;
		};
		C534CDA822B8673500DD3890 /* Release */ = {
			isa = XCBuildConfiguration;
			buildSettings = {
				ASSETCATALOG_COMPILER_APPICON_NAME = AppIcon;
				CODE_SIGN_STYLE = Automatic;
				INFOPLIST_FILE = MapDraw/Info.plist;
				LD_RUNPATH_SEARCH_PATHS = (
					"$(inherited)",
					"@executable_path/Frameworks",
				);
				PRODUCT_BUNDLE_IDENTIFIER = com.bobbywestman.MapDraw;
				PRODUCT_NAME = "$(TARGET_NAME)";
				SWIFT_VERSION = 4.2;
				TARGETED_DEVICE_FAMILY = "1,2";
			};
			name = Release;
		};
/* End XCBuildConfiguration section */

/* Begin XCConfigurationList section */
		C534CD8F22B8673400DD3890 /* Build configuration list for PBXProject "MapDraw" */ = {
			isa = XCConfigurationList;
			buildConfigurations = (
				C534CDA422B8673500DD3890 /* Debug */,
				C534CDA522B8673500DD3890 /* Release */,
			);
			defaultConfigurationIsVisible = 0;
			defaultConfigurationName = Release;
		};
		C534CDA622B8673500DD3890 /* Build configuration list for PBXNativeTarget "MapDraw" */ = {
			isa = XCConfigurationList;
			buildConfigurations = (
				C534CDA722B8673500DD3890 /* Debug */,
				C534CDA822B8673500DD3890 /* Release */,
			);
			defaultConfigurationIsVisible = 0;
			defaultConfigurationName = Release;
		};
/* End XCConfigurationList section */
	};
	rootObject = C534CD8C22B8673400DD3890 /* Project object */;
}
